
Microsoft Visual Studio Solution File, Format Version 12.00
# Visual Studio 15
VisualStudioVersion = 15.0.27428.2037
MinimumVisualStudioVersion = 10.0.40219.1
Project("{9A19103F-16F7-4668-BE54-9A1E7A4F7556}") = "CodeAnalyzer.Web", "CodeAnalyzer.Web\CodeAnalyzer.Web.csproj", "{EE78BAA3-9087-41DE-B4CE-783C61B8A8B0}"
EndProject
Project("{FAE04EC0-301F-11D3-BF4B-00C04F79EFBC}") = "CodeAnalyzer.Data", "CodeAnalyzer.Data\CodeAnalyzer.Data.csproj", "{4D3C27FB-372B-4CA2-A777-A789973E90DD}"
EndProject
Global
	GlobalSection(SolutionConfigurationPlatforms) = preSolution
		Debug|Any CPU = Debug|Any CPU
		Release|Any CPU = Release|Any CPU
	EndGlobalSection
	GlobalSection(ProjectConfigurationPlatforms) = postSolution
		{EE78BAA3-9087-41DE-B4CE-783C61B8A8B0}.Debug|Any CPU.ActiveCfg = Debug|Any CPU
		{EE78BAA3-9087-41DE-B4CE-783C61B8A8B0}.Debug|Any CPU.Build.0 = Debug|Any CPU
		{EE78BAA3-9087-41DE-B4CE-783C61B8A8B0}.Release|Any CPU.ActiveCfg = Release|Any CPU
		{EE78BAA3-9087-41DE-B4CE-783C61B8A8B0}.Release|Any CPU.Build.0 = Release|Any CPU
		{4D3C27FB-372B-4CA2-A777-A789973E90DD}.Debug|Any CPU.ActiveCfg = Debug|Any CPU
		{4D3C27FB-372B-4CA2-A777-A789973E90DD}.Debug|Any CPU.Build.0 = Debug|Any CPU
		{4D3C27FB-372B-4CA2-A777-A789973E90DD}.Release|Any CPU.ActiveCfg = Release|Any CPU
		{4D3C27FB-372B-4CA2-A777-A789973E90DD}.Release|Any CPU.Build.0 = Release|Any CPU
	EndGlobalSection
	GlobalSection(SolutionProperties) = preSolution
		HideSolutionNode = FALSE
	EndGlobalSection
	GlobalSection(ExtensibilityGlobals) = postSolution
		SolutionGuid = {48EDC84F-6AB2-45AE-87CE-9E4BEA49AD09}
	EndGlobalSection
EndGlobal
